
Microsoft Visual Studio Solution File, Format Version 12.00
# Visual Studio Version 17
VisualStudioVersion = 17.5.33530.505
MinimumVisualStudioVersion = 10.0.40219.1
Project("{FAE04EC0-301F-11D3-BF4B-00C04F79EFBC}") = "trgovina_retro_RPA", "trgovina_retro_RPA\trgovina_retro_RPA.csproj", "{B14224F1-E045-41CB-9B9B-557B34F430EF}"
EndProject
Global
	GlobalSection(SolutionConfigurationPlatforms) = preSolution
		Debug|Any CPU = Debug|Any CPU
		Release|Any CPU = Release|Any CPU
	EndGlobalSection
	GlobalSection(ProjectConfigurationPlatforms) = postSolution
		{B14224F1-E045-41CB-9B9B-557B34F430EF}.Debug|Any CPU.ActiveCfg = Debug|Any CPU
		{B14224F1-E045-41CB-9B9B-557B34F430EF}.Debug|Any CPU.Build.0 = Debug|Any CPU
		{B14224F1-E045-41CB-9B9B-557B34F430EF}.Release|Any CPU.ActiveCfg = Release|Any CPU
		{B14224F1-E045-41CB-9B9B-557B34F430EF}.Release|Any CPU.Build.0 = Release|Any CPU
	EndGlobalSection
	GlobalSection(SolutionProperties) = preSolution
		HideSolutionNode = FALSE
	EndGlobalSection
	GlobalSection(ExtensibilityGlobals) = postSolution
		SolutionGuid = {BCA7C70A-EBEA-4E07-A183-1A7A2B340623}
	EndGlobalSection
EndGlobal
